// !$*UTF8*$!
{
	archiveVersion = 1;
	classes = {
	};
	objectVersion = 50;
	objects = {

/* Begin PBXBuildFile section */
		F64B843A224B6CDF0042BA77 /* Question.swift in Sources */ = {isa = PBXBuildFile; fileRef = F64B8439224B6CDF0042BA77 /* Question.swift */; };
		F64B843C224B704B0042BA77 /* Game.swift in Sources */ = {isa = PBXBuildFile; fileRef = F64B843B224B704B0042BA77 /* Game.swift */; };
		F64B843E224B70CC0042BA77 /* QuestionManager.swift in Sources */ = {isa = PBXBuildFile; fileRef = F64B843D224B70CC0042BA77 /* QuestionManager.swift */; };
		F689EB28224BA07600E9DC41 /* QuestionView.swift in Sources */ = {isa = PBXBuildFile; fileRef = F689EB27224BA07600E9DC41 /* QuestionView.swift */; };
		F6D6B369224B65E500269D60 /* AppDelegate.swift in Sources */ = {isa = PBXBuildFile; fileRef = F6D6B368224B65E500269D60 /* AppDelegate.swift */; };
		F6D6B36B224B65E500269D60 /* ViewController.swift in Sources */ = {isa = PBXBuildFile; fileRef = F6D6B36A224B65E500269D60 /* ViewController.swift */; };
		F6D6B36E224B65E500269D60 /* Main.storyboard in Resources */ = {isa = PBXBuildFile; fileRef = F6D6B36C224B65E500269D60 /* Main.storyboard */; };
		F6D6B370224B65E600269D60 /* Assets.xcassets in Resources */ = {isa = PBXBuildFile; fileRef = F6D6B36F224B65E600269D60 /* Assets.xcassets */; };
		F6D6B373224B65E600269D60 /* LaunchScreen.storyboard in Resources */ = {isa = PBXBuildFile; fileRef = F6D6B371224B65E600269D60 /* LaunchScreen.storyboard */; };
/* End PBXBuildFile section */

/* Begin PBXFileReference section */
		BFE63CDF224D606000F74987 /* Balham.otf */ = {isa = PBXFileReference; lastKnownFileType = file; path = Balham.otf; sourceTree = "<group>"; };
		F64B8439224B6CDF0042BA77 /* Question.swift */ = {isa = PBXFileReference; lastKnownFileType = sourcecode.swift; path = Question.swift; sourceTree = "<group>"; };
		F64B843B224B704B0042BA77 /* Game.swift */ = {isa = PBXFileReference; lastKnownFileType = sourcecode.swift; path = Game.swift; sourceTree = "<group>"; };
		F64B843D224B70CC0042BA77 /* QuestionManager.swift */ = {isa = PBXFileReference; lastKnownFileType = sourcecode.swift; path = QuestionManager.swift; sourceTree = "<group>"; };
		F689EB27224BA07600E9DC41 /* QuestionView.swift */ = {isa = PBXFileReference; lastKnownFileType = sourcecode.swift; path = QuestionView.swift; sourceTree = "<group>"; };
		F6D6B365224B65E500269D60 /* OpenQuizz.app */ = {isa = PBXFileReference; explicitFileType = wrapper.application; includeInIndex = 0; path = OpenQuizz.app; sourceTree = BUILT_PRODUCTS_DIR; };
		F6D6B368224B65E500269D60 /* AppDelegate.swift */ = {isa = PBXFileReference; lastKnownFileType = sourcecode.swift; path = AppDelegate.swift; sourceTree = "<group>"; };
		F6D6B36A224B65E500269D60 /* ViewController.swift */ = {isa = PBXFileReference; lastKnownFileType = sourcecode.swift; path = ViewController.swift; sourceTree = "<group>"; };
		F6D6B36D224B65E500269D60 /* Base */ = {isa = PBXFileReference; lastKnownFileType = file.storyboard; name = Base; path = Base.lproj/Main.storyboard; sourceTree = "<group>"; };
		F6D6B36F224B65E600269D60 /* Assets.xcassets */ = {isa = PBXFileReference; lastKnownFileType = folder.assetcatalog; path = Assets.xcassets; sourceTree = "<group>"; };
		F6D6B372224B65E600269D60 /* Base */ = {isa = PBXFileReference; lastKnownFileType = file.storyboard; name = Base; path = Base.lproj/LaunchScreen.storyboard; sourceTree = "<group>"; };
		F6D6B374224B65E600269D60 /* Info.plist */ = {isa = PBXFileReference; lastKnownFileType = text.plist.xml; path = Info.plist; sourceTree = "<group>"; };
/* End PBXFileReference section */

/* Begin PBXFrameworksBuildPhase section */
		F6D6B362224B65E500269D60 /* Frameworks */ = {
			isa = PBXFrameworksBuildPhase;
			buildActionMask = 2147483647;
			files = (
			);
			runOnlyForDeploymentPostprocessing = 0;
		};
/* End PBXFrameworksBuildPhase section */

/* Begin PBXGroup section */
		F64B8433224B67730042BA77 /* Supporting Files */ = {
			isa = PBXGroup;
			children = (
				BFE63CDF224D606000F74987 /* Balham.otf */,
				F6D6B368224B65E500269D60 /* AppDelegate.swift */,
				F6D6B36F224B65E600269D60 /* Assets.xcassets */,
				F6D6B371224B65E600269D60 /* LaunchScreen.storyboard */,
			);
			path = "Supporting Files";
			sourceTree = "<group>";
		};
		F64B8434224B678B0042BA77 /* Model */ = {
			isa = PBXGroup;
			children = (
				F64B8439224B6CDF0042BA77 /* Question.swift */,
				F64B843B224B704B0042BA77 /* Game.swift */,
				F64B843D224B70CC0042BA77 /* QuestionManager.swift */,
			);
			path = Model;
			sourceTree = "<group>";
		};
		F64B8435224B67AE0042BA77 /* Controller */ = {
			isa = PBXGroup;
			children = (
				F6D6B36A224B65E500269D60 /* ViewController.swift */,
			);
			path = Controller;
			sourceTree = "<group>";
		};
		F64B8436224B67B80042BA77 /* View */ = {
			isa = PBXGroup;
			children = (
				F6D6B36C224B65E500269D60 /* Main.storyboard */,
				F689EB27224BA07600E9DC41 /* QuestionView.swift */,
			);
			path = View;
			sourceTree = "<group>";
		};
		F6D6B35C224B65E500269D60 = {
			isa = PBXGroup;
			children = (
				F6D6B367224B65E500269D60 /* OpenQuizz */,
				F6D6B366224B65E500269D60 /* Products */,
			);
			sourceTree = "<group>";
		};
		F6D6B366224B65E500269D60 /* Products */ = {
			isa = PBXGroup;
			children = (
				F6D6B365224B65E500269D60 /* OpenQuizz.app */,
			);
			name = Products;
			sourceTree = "<group>";
		};
		F6D6B367224B65E500269D60 /* OpenQuizz */ = {
			isa = PBXGroup;
			children = (
				F6D6B374224B65E600269D60 /* Info.plist */,
				F64B8433224B67730042BA77 /* Supporting Files */,
				F64B8434224B678B0042BA77 /* Model */,
				F64B8436224B67B80042BA77 /* View */,
				F64B8435224B67AE0042BA77 /* Controller */,
			);
			path = OpenQuizz;
			sourceTree = "<group>";
		};
/* End PBXGroup section */

/* Begin PBXNativeTarget section */
		F6D6B364224B65E500269D60 /* OpenQuizz */ = {
			isa = PBXNativeTarget;
			buildConfigurationList = F6D6B377224B65E600269D60 /* Build configuration list for PBXNativeTarget "OpenQuizz" */;
			buildPhases = (
				F6D6B361224B65E500269D60 /* Sources */,
				F6D6B362224B65E500269D60 /* Frameworks */,
				F6D6B363224B65E500269D60 /* Resources */,
			);
			buildRules = (
			);
			dependencies = (
			);
			name = OpenQuizz;
			productName = OpenQuizz;
			productReference = F6D6B365224B65E500269D60 /* OpenQuizz.app */;
			productType = "com.apple.product-type.application";
		};
/* End PBXNativeTarget section */

/* Begin PBXProject section */
		F6D6B35D224B65E500269D60 /* Project object */ = {
			isa = PBXProject;
			attributes = {
				LastSwiftUpdateCheck = 1010;
				LastUpgradeCheck = 1010;
				ORGANIZATIONNAME = "Lauriane Haydari";
				TargetAttributes = {
					F6D6B364224B65E500269D60 = {
						CreatedOnToolsVersion = 10.1;
						LastSwiftMigration = 1020;
					};
				};
			};
			buildConfigurationList = F6D6B360224B65E500269D60 /* Build configuration list for PBXProject "OpenQuizz" */;
			compatibilityVersion = "Xcode 9.3";
			developmentRegion = en;
			hasScannedForEncodings = 0;
			knownRegions = (
				en,
				Base,
			);
			mainGroup = F6D6B35C224B65E500269D60;
			productRefGroup = F6D6B366224B65E500269D60 /* Products */;
			projectDirPath = "";
			projectRoot = "";
			targets = (
				F6D6B364224B65E500269D60 /* OpenQuizz */,
			);
		};
/* End PBXProject section */

/* Begin PBXResourcesBuildPhase section */
		F6D6B363224B65E500269D60 /* Resources */ = {
			isa = PBXResourcesBuildPhase;
			buildActionMask = 2147483647;
			files = (
				F6D6B373224B65E600269D60 /* LaunchScreen.storyboard in Resources */,
				F6D6B370224B65E600269D60 /* Assets.xcassets in Resources */,
				F6D6B36E224B65E500269D60 /* Main.storyboard in Resources */,
			);
			runOnlyForDeploymentPostprocessing = 0;
		};
/* End PBXResourcesBuildPhase section */

/* Begin PBXSourcesBuildPhase section */
		F6D6B361224B65E500269D60 /* Sources */ = {
			isa = PBXSourcesBuildPhase;
			buildActionMask = 2147483647;
			files = (
				F64B843A224B6CDF0042BA77 /* Question.swift in Sources */,
				F6D6B36B224B65E500269D60 /* ViewController.swift in Sources */,
				F6D6B369224B65E500269D60 /* AppDelegate.swift in Sources */,
				F64B843E224B70CC0042BA77 /* QuestionManager.swift in Sources */,
				F689EB28224BA07600E9DC41 /* QuestionView.swift in Sources */,
				F64B843C224B704B0042BA77 /* Game.swift in Sources */,
			);
			runOnlyForDeploymentPostprocessing = 0;
		};
/* End PBXSourcesBuildPhase section */

/* Begin PBXVariantGroup section */
		F6D6B36C224B65E500269D60 /* Main.storyboard */ = {
			isa = PBXVariantGroup;
			children = (
				F6D6B36D224B65E500269D60 /* Base */,
			);
			name = Main.storyboard;
			sourceTree = "<group>";
		};
		F6D6B371224B65E600269D60 /* LaunchScreen.storyboard */ = {
			isa = PBXVariantGroup;
			children = (
				F6D6B372224B65E600269D60 /* Base */,
			);
			name = LaunchScreen.storyboard;
			sourceTree = "<group>";
		};
/* End PBXVariantGroup section */

/* Begin XCBuildConfiguration section */
		F6D6B375224B65E600269D60 /* Debug */ = {
			isa = XCBuildConfiguration;
			buildSettings = {
				ALWAYS_SEARCH_USER_PATHS = NO;
				CLANG_ANALYZER_NONNULL = YES;
				CLANG_ANALYZER_NUMBER_OBJECT_CONVERSION = YES_AGGRESSIVE;
				CLANG_CXX_LANGUAGE_STANDARD = "gnu++14";
				CLANG_CXX_LIBRARY = "libc++";
				CLANG_ENABLE_MODULES = YES;
				CLANG_ENABLE_OBJC_ARC = YES;
				CLANG_ENABLE_OBJC_WEAK = YES;
				CLANG_WARN_BLOCK_CAPTURE_AUTORELEASING = YES;
				CLANG_WARN_BOOL_CONVERSION = YES;
				CLANG_WARN_COMMA = YES;
				CLANG_WARN_CONSTANT_CONVERSION = YES;
				CLANG_WARN_DEPRECATED_OBJC_IMPLEMENTATIONS = YES;
				CLANG_WARN_DIRECT_OBJC_ISA_USAGE = YES_ERROR;
				CLANG_WARN_DOCUMENTATION_COMMENTS = YES;
				CLANG_WARN_EMPTY_BODY = YES;
				CLANG_WARN_ENUM_CONVERSION = YES;
				CLANG_WARN_INFINITE_RECURSION = YES;
				CLANG_WARN_INT_CONVERSION = YES;
				CLANG_WARN_NON_LITERAL_NULL_CONVERSION = YES;
				CLANG_WARN_OBJC_IMPLICIT_RETAIN_SELF = YES;
				CLANG_WARN_OBJC_LITERAL_CONVERSION = YES;
				CLANG_WARN_OBJC_ROOT_CLASS = YES_ERROR;
				CLANG_WARN_RANGE_LOOP_ANALYSIS = YES;
				CLANG_WARN_STRICT_PROTOTYPES = YES;
				CLANG_WARN_SUSPICIOUS_MOVE = YES;
				CLANG_WARN_UNGUARDED_AVAILABILITY = YES_AGGRESSIVE;
				CLANG_WARN_UNREACHABLE_CODE = YES;
				CLANG_WARN__DUPLICATE_METHOD_MATCH = YES;
				CODE_SIGN_IDENTITY = "iPhone Developer";
				COPY_PHASE_STRIP = NO;
				DEBUG_INFORMATION_FORMAT = dwarf;
				ENABLE_STRICT_OBJC_MSGSEND = YES;
				ENABLE_TESTABILITY = YES;
				GCC_C_LANGUAGE_STANDARD = gnu11;
				GCC_DYNAMIC_NO_PIC = NO;
				GCC_NO_COMMON_BLOCKS = YES;
				GCC_OPTIMIZATION_LEVEL = 0;
				GCC_PREPROCESSOR_DEFINITIONS = (
					"DEBUG=1",
					"$(inherited)",
				);
				GCC_WARN_64_TO_32_BIT_CONVERSION = YES;
				GCC_WARN_ABOUT_RETURN_TYPE = YES_ERROR;
				GCC_WARN_UNDECLARED_SELECTOR = YES;
				GCC_WARN_UNINITIALIZED_AUTOS = YES_AGGRESSIVE;
				GCC_WARN_UNUSED_FUNCTION = YES;
				GCC_WARN_UNUSED_VARIABLE = YES;
				IPHONEOS_DEPLOYMENT_TARGET = 12.1;
				MTL_ENABLE_DEBUG_INFO = INCLUDE_SOURCE;
				MTL_FAST_MATH = YES;
				ONLY_ACTIVE_ARCH = YES;
				SDKROOT = iphoneos;
				SWIFT_ACTIVE_COMPILATION_CONDITIONS = DEBUG;
				SWIFT_OPTIMIZATION_LEVEL = "-Onone";
			};
			name = Debug;
		};
		F6D6B376224B65E600269D60 /* Release */ = {
			isa = XCBuildConfiguration;
			buildSettings = {
				ALWAYS_SEARCH_USER_PATHS = NO;
				CLANG_ANALYZER_NONNULL = YES;
				CLANG_ANALYZER_NUMBER_OBJECT_CONVERSION = YES_AGGRESSIVE;
				CLANG_CXX_LANGUAGE_STANDARD = "gnu++14";
				CLANG_CXX_LIBRARY = "libc++";
				CLANG_ENABLE_MODULES = YES;
				CLANG_ENABLE_OBJC_ARC = YES;
				CLANG_ENABLE_OBJC_WEAK = YES;
				CLANG_WARN_BLOCK_CAPTURE_AUTORELEASING = YES;
				CLANG_WARN_BOOL_CONVERSION = YES;
				CLANG_WARN_COMMA = YES;
				CLANG_WARN_CONSTANT_CONVERSION = YES;
				CLANG_WARN_DEPRECATED_OBJC_IMPLEMENTATIONS = YES;
				CLANG_WARN_DIRECT_OBJC_ISA_USAGE = YES_ERROR;
				CLANG_WARN_DOCUMENTATION_COMMENTS = YES;
				CLANG_WARN_EMPTY_BODY = YES;
				CLANG_WARN_ENUM_CONVERSION = YES;
				CLANG_WARN_INFINITE_RECURSION = YES;
				CLANG_WARN_INT_CONVERSION = YES;
				CLANG_WARN_NON_LITERAL_NULL_CONVERSION = YES;
				CLANG_WARN_OBJC_IMPLICIT_RETAIN_SELF = YES;
				CLANG_WARN_OBJC_LITERAL_CONVERSION = YES;
				CLANG_WARN_OBJC_ROOT_CLASS = YES_ERROR;
				CLANG_WARN_RANGE_LOOP_ANALYSIS = YES;
				CLANG_WARN_STRICT_PROTOTYPES = YES;
				CLANG_WARN_SUSPICIOUS_MOVE = YES;
				CLANG_WARN_UNGUARDED_AVAILABILITY = YES_AGGRESSIVE;
				CLANG_WARN_UNREACHABLE_CODE = YES;
				CLANG_WARN__DUPLICATE_METHOD_MATCH = YES;
				CODE_SIGN_IDENTITY = "iPhone Developer";
				COPY_PHASE_STRIP = NO;
				DEBUG_INFORMATION_FORMAT = "dwarf-with-dsym";
				ENABLE_NS_ASSERTIONS = NO;
				ENABLE_STRICT_OBJC_MSGSEND = YES;
				GCC_C_LANGUAGE_STANDARD = gnu11;
				GCC_NO_COMMON_BLOCKS = YES;
				GCC_WARN_64_TO_32_BIT_CONVERSION = YES;
				GCC_WARN_ABOUT_RETURN_TYPE = YES_ERROR;
				GCC_WARN_UNDECLARED_SELECTOR = YES;
				GCC_WARN_UNINITIALIZED_AUTOS = YES_AGGRESSIVE;
				GCC_WARN_UNUSED_FUNCTION = YES;
				GCC_WARN_UNUSED_VARIABLE = YES;
				IPHONEOS_DEPLOYMENT_TARGET = 12.1;
				MTL_ENABLE_DEBUG_INFO = NO;
				MTL_FAST_MATH = YES;
				SDKROOT = iphoneos;
				SWIFT_COMPILATION_MODE = wholemodule;
				SWIFT_OPTIMIZATION_LEVEL = "-O";
				VALIDATE_PRODUCT = YES;
			};
			name = Release;
		};
		F6D6B378224B65E600269D60 /* Debug */ = {
			isa = XCBuildConfiguration;
			buildSettings = {
				ASSETCATALOG_COMPILER_APPICON_NAME = AppIcon;
				CODE_SIGN_STYLE = Automatic;
				DEVELOPMENT_TEAM = 568UZNMWK9;
				INFOPLIST_FILE = OpenQuizz/Info.plist;
				LD_RUNPATH_SEARCH_PATHS = (
					"$(inherited)",
					"@executable_path/Frameworks",
				);
				PRODUCT_BUNDLE_IDENTIFIER = com.lauriane.haydari.OpenQuizz;
				PRODUCT_NAME = "$(TARGET_NAME)";
				SWIFT_VERSION = 5.0;
				TARGETED_DEVICE_FAMILY = "1,2";
			};
			name = Debug;
		};
		F6D6B379224B65E600269D60 /* Release */ = {
			isa = XCBuildConfiguration;
			buildSettings = {
				ASSETCATALOG_COMPILER_APPICON_NAME = AppIcon;
				CODE_SIGN_STYLE = Automatic;
				DEVELOPMENT_TEAM = 568UZNMWK9;
				INFOPLIST_FILE = OpenQuizz/Info.plist;
				LD_RUNPATH_SEARCH_PATHS = (
					"$(inherited)",
					"@executable_path/Frameworks",
				);
				PRODUCT_BUNDLE_IDENTIFIER = com.lauriane.haydari.OpenQuizz;
				PRODUCT_NAME = "$(TARGET_NAME)";
				SWIFT_VERSION = 5.0;
				TARGETED_DEVICE_FAMILY = "1,2";
			};
			name = Release;
		};
/* End XCBuildConfiguration section */

/* Begin XCConfigurationList section */
		F6D6B360224B65E500269D60 /* Build configuration list for PBXProject "OpenQuizz" */ = {
			isa = XCConfigurationList;
			buildConfigurations = (
				F6D6B375224B65E600269D60 /* Debug */,
				F6D6B376224B65E600269D60 /* Release */,
			);
			defaultConfigurationIsVisible = 0;
			defaultConfigurationName = Release;
		};
		F6D6B377224B65E600269D60 /* Build configuration list for PBXNativeTarget "OpenQuizz" */ = {
			isa = XCConfigurationList;
			buildConfigurations = (
				F6D6B378224B65E600269D60 /* Debug */,
				F6D6B379224B65E600269D60 /* Release */,
			);
			defaultConfigurationIsVisible = 0;
			defaultConfigurationName = Release;
		};
/* End XCConfigurationList section */
	};
	rootObject = F6D6B35D224B65E500269D60 /* Project object */;
}
